
Microsoft Visual Studio Solution File, Format Version 12.00
# Visual Studio Version 17
VisualStudioVersion = 17.8.34004.107
MinimumVisualStudioVersion = 10.0.40219.1
Project("{FAE04EC0-301F-11D3-BF4B-00C04F79EFBC}") = "DataJuggler.NET.Data", "DataJuggler.NET.Data.csproj", "{F2F9E7CD-D8C9-7A3C-E854-3CA836FA09AB}"
EndProject
Global
	GlobalSection(SolutionConfigurationPlatforms) = preSolution
		Debug|Any CPU = Debug|Any CPU
		Release|Any CPU = Release|Any CPU
	EndGlobalSection
	GlobalSection(ProjectConfigurationPlatforms) = postSolution
		{F2F9E7CD-D8C9-7A3C-E854-3CA836FA09AB}.Debug|Any CPU.ActiveCfg = Debug|Any CPU
		{F2F9E7CD-D8C9-7A3C-E854-3CA836FA09AB}.Debug|Any CPU.Build.0 = Debug|Any CPU
		{F2F9E7CD-D8C9-7A3C-E854-3CA836FA09AB}.Release|Any CPU.ActiveCfg = Release|Any CPU
		{F2F9E7CD-D8C9-7A3C-E854-3CA836FA09AB}.Release|Any CPU.Build.0 = Release|Any CPU
	EndGlobalSection
	GlobalSection(SolutionProperties) = preSolution
		HideSolutionNode = FALSE
	EndGlobalSection
	GlobalSection(ExtensibilityGlobals) = postSolution
		SolutionGuid = {085A4A2E-7922-4D4D-901B-35C284AE2F01}
	EndGlobalSection
EndGlobal
